
Microsoft Visual Studio Solution File, Format Version 12.00
# Visual Studio Version 17
VisualStudioVersion = 17.8.34309.116
MinimumVisualStudioVersion = 10.0.40219.1
Project("{FAE04EC0-301F-11D3-BF4B-00C04F79EFBC}") = "TeaMention", "TeaMention\TeaMention.csproj", "{3B26E57B-4D1E-46DA-85F7-A7E7DA59C920}"
EndProject
Global
	GlobalSection(SolutionConfigurationPlatforms) = preSolution
		Debug|Any CPU = Debug|Any CPU
		Release|Any CPU = Release|Any CPU
	EndGlobalSection
	GlobalSection(ProjectConfigurationPlatforms) = postSolution
		{3B26E57B-4D1E-46DA-85F7-A7E7DA59C920}.Debug|Any CPU.ActiveCfg = Debug|Any CPU
		{3B26E57B-4D1E-46DA-85F7-A7E7DA59C920}.Debug|Any CPU.Build.0 = Debug|Any CPU
		{3B26E57B-4D1E-46DA-85F7-A7E7DA59C920}.Release|Any CPU.ActiveCfg = Release|Any CPU
		{3B26E57B-4D1E-46DA-85F7-A7E7DA59C920}.Release|Any CPU.Build.0 = Release|Any CPU
	EndGlobalSection
	GlobalSection(SolutionProperties) = preSolution
		HideSolutionNode = FALSE
	EndGlobalSection
	GlobalSection(ExtensibilityGlobals) = postSolution
		SolutionGuid = {AFC97DE4-CDA9-4AE2-83AE-62356C6604AF}
	EndGlobalSection
EndGlobal
